
Microsoft Visual Studio Solution File, Format Version 12.00
# Visual Studio Version 16
VisualStudioVersion = 16.0.30804.86
MinimumVisualStudioVersion = 10.0.40219.1
Project("{8BC9CEB8-8B4A-11D0-8D11-00A0C91BC942}") = "Bai2_TimMax", "Bai2_TimMax\Bai2_TimMax.vcxproj", "{AEBD2D57-F67C-4DE7-AE6E-0CC7AC9EF30F}"
EndProject
Global
	GlobalSection(SolutionConfigurationPlatforms) = preSolution
		Debug|x64 = Debug|x64
		Debug|x86 = Debug|x86
		Release|x64 = Release|x64
		Release|x86 = Release|x86
	EndGlobalSection
	GlobalSection(ProjectConfigurationPlatforms) = postSolution
		{AEBD2D57-F67C-4DE7-AE6E-0CC7AC9EF30F}.Debug|x64.ActiveCfg = Debug|x64
		{AEBD2D57-F67C-4DE7-AE6E-0CC7AC9EF30F}.Debug|x64.Build.0 = Debug|x64
		{AEBD2D57-F67C-4DE7-AE6E-0CC7AC9EF30F}.Debug|x86.ActiveCfg = Debug|Win32
		{AEBD2D57-F67C-4DE7-AE6E-0CC7AC9EF30F}.Debug|x86.Build.0 = Debug|Win32
		{AEBD2D57-F67C-4DE7-AE6E-0CC7AC9EF30F}.Release|x64.ActiveCfg = Release|x64
		{AEBD2D57-F67C-4DE7-AE6E-0CC7AC9EF30F}.Release|x64.Build.0 = Release|x64
		{AEBD2D57-F67C-4DE7-AE6E-0CC7AC9EF30F}.Release|x86.ActiveCfg = Release|Win32
		{AEBD2D57-F67C-4DE7-AE6E-0CC7AC9EF30F}.Release|x86.Build.0 = Release|Win32
	EndGlobalSection
	GlobalSection(SolutionProperties) = preSolution
		HideSolutionNode = FALSE
	EndGlobalSection
	GlobalSection(ExtensibilityGlobals) = postSolution
		SolutionGuid = {E0594AC1-BA38-4450-B04B-7A9656F7880D}
	EndGlobalSection
EndGlobal
